// !$*UTF8*$!
{
	archiveVersion = 1;
	classes = {
	};
	objectVersion = 46;
	objects = {

/* Begin PBXBuildFile section */
		C74BE1A71B73CD7500768067 /* AppDelegate.swift in Sources */ = {isa = PBXBuildFile; fileRef = C74BE1A61B73CD7500768067 /* AppDelegate.swift */; };
		C74BE1A91B73CD7500768067 /* ViewController.swift in Sources */ = {isa = PBXBuildFile; fileRef = C74BE1A81B73CD7500768067 /* ViewController.swift */; };
		C74BE1AC1B73CD7500768067 /* Main.storyboard in Resources */ = {isa = PBXBuildFile; fileRef = C74BE1AA1B73CD7500768067 /* Main.storyboard */; };
		C74BE1AE1B73CD7500768067 /* Images.xcassets in Resources */ = {isa = PBXBuildFile; fileRef = C74BE1AD1B73CD7500768067 /* Images.xcassets */; };
		C74BE1B11B73CD7500768067 /* LaunchScreen.xib in Resources */ = {isa = PBXBuildFile; fileRef = C74BE1AF1B73CD7500768067 /* LaunchScreen.xib */; };
		C74BE1BD1B73CD7500768067 /* TwoTapTestTests.swift in Sources */ = {isa = PBXBuildFile; fileRef = C74BE1BC1B73CD7500768067 /* TwoTapTestTests.swift */; };
		C74BE1C71B73CFC400768067 /* CheckoutVC.swift in Sources */ = {isa = PBXBuildFile; fileRef = C74BE1C61B73CFC400768067 /* CheckoutVC.swift */; };
/* End PBXBuildFile section */

/* Begin PBXContainerItemProxy section */
		C74BE1B71B73CD7500768067 /* PBXContainerItemProxy */ = {
			isa = PBXContainerItemProxy;
			containerPortal = C74BE1991B73CD7500768067 /* Project object */;
			proxyType = 1;
			remoteGlobalIDString = C74BE1A01B73CD7500768067;
			remoteInfo = TwoTapTest;
		};
/* End PBXContainerItemProxy section */

/* Begin PBXFileReference section */
		C74BE1A11B73CD7500768067 /* TwoTapTest.app */ = {isa = PBXFileReference; explicitFileType = wrapper.application; includeInIndex = 0; path = TwoTapTest.app; sourceTree = BUILT_PRODUCTS_DIR; };
		C74BE1A51B73CD7500768067 /* Info.plist */ = {isa = PBXFileReference; lastKnownFileType = text.plist.xml; path = Info.plist; sourceTree = "<group>"; };
		C74BE1A61B73CD7500768067 /* AppDelegate.swift */ = {isa = PBXFileReference; lastKnownFileType = sourcecode.swift; path = AppDelegate.swift; sourceTree = "<group>"; };
		C74BE1A81B73CD7500768067 /* ViewController.swift */ = {isa = PBXFileReference; lastKnownFileType = sourcecode.swift; path = ViewController.swift; sourceTree = "<group>"; };
		C74BE1AB1B73CD7500768067 /* Base */ = {isa = PBXFileReference; lastKnownFileType = file.storyboard; name = Base; path = Base.lproj/Main.storyboard; sourceTree = "<group>"; };
		C74BE1AD1B73CD7500768067 /* Images.xcassets */ = {isa = PBXFileReference; lastKnownFileType = folder.assetcatalog; path = Images.xcassets; sourceTree = "<group>"; };
		C74BE1B01B73CD7500768067 /* Base */ = {isa = PBXFileReference; lastKnownFileType = file.xib; name = Base; path = Base.lproj/LaunchScreen.xib; sourceTree = "<group>"; };
		C74BE1B61B73CD7500768067 /* TwoTapTestTests.xctest */ = {isa = PBXFileReference; explicitFileType = wrapper.cfbundle; includeInIndex = 0; path = TwoTapTestTests.xctest; sourceTree = BUILT_PRODUCTS_DIR; };
		C74BE1BB1B73CD7500768067 /* Info.plist */ = {isa = PBXFileReference; lastKnownFileType = text.plist.xml; path = Info.plist; sourceTree = "<group>"; };
		C74BE1BC1B73CD7500768067 /* TwoTapTestTests.swift */ = {isa = PBXFileReference; lastKnownFileType = sourcecode.swift; path = TwoTapTestTests.swift; sourceTree = "<group>"; };
		C74BE1C61B73CFC400768067 /* CheckoutVC.swift */ = {isa = PBXFileReference; fileEncoding = 4; lastKnownFileType = sourcecode.swift; path = CheckoutVC.swift; sourceTree = "<group>"; };
/* End PBXFileReference section */

/* Begin PBXFrameworksBuildPhase section */
		C74BE19E1B73CD7500768067 /* Frameworks */ = {
			isa = PBXFrameworksBuildPhase;
			buildActionMask = 2147483647;
			files = (
			);
			runOnlyForDeploymentPostprocessing = 0;
		};
		C74BE1B31B73CD7500768067 /* Frameworks */ = {
			isa = PBXFrameworksBuildPhase;
			buildActionMask = 2147483647;
			files = (
			);
			runOnlyForDeploymentPostprocessing = 0;
		};
/* End PBXFrameworksBuildPhase section */

/* Begin PBXGroup section */
		C74BE1981B73CD7500768067 = {
			isa = PBXGroup;
			children = (
				C74BE1A31B73CD7500768067 /* TwoTapTest */,
				C74BE1B91B73CD7500768067 /* TwoTapTestTests */,
				C74BE1A21B73CD7500768067 /* Products */,
			);
			sourceTree = "<group>";
		};
		C74BE1A21B73CD7500768067 /* Products */ = {
			isa = PBXGroup;
			children = (
				C74BE1A11B73CD7500768067 /* TwoTapTest.app */,
				C74BE1B61B73CD7500768067 /* TwoTapTestTests.xctest */,
			);
			name = Products;
			sourceTree = "<group>";
		};
		C74BE1A31B73CD7500768067 /* TwoTapTest */ = {
			isa = PBXGroup;
			children = (
				C74BE1A61B73CD7500768067 /* AppDelegate.swift */,
				C74BE1A81B73CD7500768067 /* ViewController.swift */,
				C74BE1AA1B73CD7500768067 /* Main.storyboard */,
				C74BE1C61B73CFC400768067 /* CheckoutVC.swift */,
				C74BE1AD1B73CD7500768067 /* Images.xcassets */,
				C74BE1AF1B73CD7500768067 /* LaunchScreen.xib */,
				C74BE1A41B73CD7500768067 /* Supporting Files */,
			);
			path = TwoTapTest;
			sourceTree = "<group>";
		};
		C74BE1A41B73CD7500768067 /* Supporting Files */ = {
			isa = PBXGroup;
			children = (
				C74BE1A51B73CD7500768067 /* Info.plist */,
			);
			name = "Supporting Files";
			sourceTree = "<group>";
		};
		C74BE1B91B73CD7500768067 /* TwoTapTestTests */ = {
			isa = PBXGroup;
			children = (
				C74BE1BC1B73CD7500768067 /* TwoTapTestTests.swift */,
				C74BE1BA1B73CD7500768067 /* Supporting Files */,
			);
			path = TwoTapTestTests;
			sourceTree = "<group>";
		};
		C74BE1BA1B73CD7500768067 /* Supporting Files */ = {
			isa = PBXGroup;
			children = (
				C74BE1BB1B73CD7500768067 /* Info.plist */,
			);
			name = "Supporting Files";
			sourceTree = "<group>";
		};
/* End PBXGroup section */

/* Begin PBXNativeTarget section */
		C74BE1A01B73CD7500768067 /* TwoTapTest */ = {
			isa = PBXNativeTarget;
			buildConfigurationList = C74BE1C01B73CD7500768067 /* Build configuration list for PBXNativeTarget "TwoTapTest" */;
			buildPhases = (
				C74BE19D1B73CD7500768067 /* Sources */,
				C74BE19E1B73CD7500768067 /* Frameworks */,
				C74BE19F1B73CD7500768067 /* Resources */,
			);
			buildRules = (
			);
			dependencies = (
			);
			name = TwoTapTest;
			productName = TwoTapTest;
			productReference = C74BE1A11B73CD7500768067 /* TwoTapTest.app */;
			productType = "com.apple.product-type.application";
		};
		C74BE1B51B73CD7500768067 /* TwoTapTestTests */ = {
			isa = PBXNativeTarget;
			buildConfigurationList = C74BE1C31B73CD7500768067 /* Build configuration list for PBXNativeTarget "TwoTapTestTests" */;
			buildPhases = (
				C74BE1B21B73CD7500768067 /* Sources */,
				C74BE1B31B73CD7500768067 /* Frameworks */,
				C74BE1B41B73CD7500768067 /* Resources */,
			);
			buildRules = (
			);
			dependencies = (
				C74BE1B81B73CD7500768067 /* PBXTargetDependency */,
			);
			name = TwoTapTestTests;
			productName = TwoTapTestTests;
			productReference = C74BE1B61B73CD7500768067 /* TwoTapTestTests.xctest */;
			productType = "com.apple.product-type.bundle.unit-test";
		};
/* End PBXNativeTarget section */

/* Begin PBXProject section */
		C74BE1991B73CD7500768067 /* Project object */ = {
			isa = PBXProject;
			attributes = {
				LastUpgradeCheck = 0640;
				ORGANIZATIONNAME = Saul;
				TargetAttributes = {
					C74BE1A01B73CD7500768067 = {
						CreatedOnToolsVersion = 6.4;
					};
					C74BE1B51B73CD7500768067 = {
						CreatedOnToolsVersion = 6.4;
						TestTargetID = C74BE1A01B73CD7500768067;
					};
				};
			};
			buildConfigurationList = C74BE19C1B73CD7500768067 /* Build configuration list for PBXProject "TwoTapTest" */;
			compatibilityVersion = "Xcode 3.2";
			developmentRegion = English;
			hasScannedForEncodings = 0;
			knownRegions = (
				en,
				Base,
			);
			mainGroup = C74BE1981B73CD7500768067;
			productRefGroup = C74BE1A21B73CD7500768067 /* Products */;
			projectDirPath = "";
			projectRoot = "";
			targets = (
				C74BE1A01B73CD7500768067 /* TwoTapTest */,
				C74BE1B51B73CD7500768067 /* TwoTapTestTests */,
			);
		};
/* End PBXProject section */

/* Begin PBXResourcesBuildPhase section */
		C74BE19F1B73CD7500768067 /* Resources */ = {
			isa = PBXResourcesBuildPhase;
			buildActionMask = 2147483647;
			files = (
				C74BE1AC1B73CD7500768067 /* Main.storyboard in Resources */,
				C74BE1B11B73CD7500768067 /* LaunchScreen.xib in Resources */,
				C74BE1AE1B73CD7500768067 /* Images.xcassets in Resources */,
			);
			runOnlyForDeploymentPostprocessing = 0;
		};
		C74BE1B41B73CD7500768067 /* Resources */ = {
			isa = PBXResourcesBuildPhase;
			buildActionMask = 2147483647;
			files = (
			);
			runOnlyForDeploymentPostprocessing = 0;
		};
/* End PBXResourcesBuildPhase section */

/* Begin PBXSourcesBuildPhase section */
		C74BE19D1B73CD7500768067 /* Sources */ = {
			isa = PBXSourcesBuildPhase;
			buildActionMask = 2147483647;
			files = (
				C74BE1C71B73CFC400768067 /* CheckoutVC.swift in Sources */,
				C74BE1A91B73CD7500768067 /* ViewController.swift in Sources */,
				C74BE1A71B73CD7500768067 /* AppDelegate.swift in Sources */,
			);
			runOnlyForDeploymentPostprocessing = 0;
		};
		C74BE1B21B73CD7500768067 /* Sources */ = {
			isa = PBXSourcesBuildPhase;
			buildActionMask = 2147483647;
			files = (
				C74BE1BD1B73CD7500768067 /* TwoTapTestTests.swift in Sources */,
			);
			runOnlyForDeploymentPostprocessing = 0;
		};
/* End PBXSourcesBuildPhase section */

/* Begin PBXTargetDependency section */
		C74BE1B81B73CD7500768067 /* PBXTargetDependency */ = {
			isa = PBXTargetDependency;
			target = C74BE1A01B73CD7500768067 /* TwoTapTest */;
			targetProxy = C74BE1B71B73CD7500768067 /* PBXContainerItemProxy */;
		};
/* End PBXTargetDependency section */

/* Begin PBXVariantGroup section */
		C74BE1AA1B73CD7500768067 /* Main.storyboard */ = {
			isa = PBXVariantGroup;
			children = (
				C74BE1AB1B73CD7500768067 /* Base */,
			);
			name = Main.storyboard;
			sourceTree = "<group>";
		};
		C74BE1AF1B73CD7500768067 /* LaunchScreen.xib */ = {
			isa = PBXVariantGroup;
			children = (
				C74BE1B01B73CD7500768067 /* Base */,
			);
			name = LaunchScreen.xib;
			sourceTree = "<group>";
		};
/* End PBXVariantGroup section */

/* Begin XCBuildConfiguration section */
		C74BE1BE1B73CD7500768067 /* Debug */ = {
			isa = XCBuildConfiguration;
			buildSettings = {
				ALWAYS_SEARCH_USER_PATHS = NO;
				CLANG_CXX_LANGUAGE_STANDARD = "gnu++0x";
				CLANG_CXX_LIBRARY = "libc++";
				CLANG_ENABLE_MODULES = YES;
				CLANG_ENABLE_OBJC_ARC = YES;
				CLANG_WARN_BOOL_CONVERSION = YES;
				CLANG_WARN_CONSTANT_CONVERSION = YES;
				CLANG_WARN_DIRECT_OBJC_ISA_USAGE = YES_ERROR;
				CLANG_WARN_EMPTY_BODY = YES;
				CLANG_WARN_ENUM_CONVERSION = YES;
				CLANG_WARN_INT_CONVERSION = YES;
				CLANG_WARN_OBJC_ROOT_CLASS = YES_ERROR;
				CLANG_WARN_UNREACHABLE_CODE = YES;
				CLANG_WARN__DUPLICATE_METHOD_MATCH = YES;
				"CODE_SIGN_IDENTITY[sdk=iphoneos*]" = "iPhone Developer";
				COPY_PHASE_STRIP = NO;
				DEBUG_INFORMATION_FORMAT = "dwarf-with-dsym";
				ENABLE_STRICT_OBJC_MSGSEND = YES;
				GCC_C_LANGUAGE_STANDARD = gnu99;
				GCC_DYNAMIC_NO_PIC = NO;
				GCC_NO_COMMON_BLOCKS = YES;
				GCC_OPTIMIZATION_LEVEL = 0;
				GCC_PREPROCESSOR_DEFINITIONS = (
					"DEBUG=1",
					"$(inherited)",
				);
				GCC_SYMBOLS_PRIVATE_EXTERN = NO;
				GCC_WARN_64_TO_32_BIT_CONVERSION = YES;
				GCC_WARN_ABOUT_RETURN_TYPE = YES_ERROR;
				GCC_WARN_UNDECLARED_SELECTOR = YES;
				GCC_WARN_UNINITIALIZED_AUTOS = YES_AGGRESSIVE;
				GCC_WARN_UNUSED_FUNCTION = YES;
				GCC_WARN_UNUSED_VARIABLE = YES;
				IPHONEOS_DEPLOYMENT_TARGET = 8.4;
				MTL_ENABLE_DEBUG_INFO = YES;
				ONLY_ACTIVE_ARCH = YES;
				SDKROOT = iphoneos;
				SWIFT_OPTIMIZATION_LEVEL = "-Onone";
				TARGETED_DEVICE_FAMILY = "1,2";
			};
			name = Debug;
		};
		C74BE1BF1B73CD7500768067 /* Release */ = {
			isa = XCBuildConfiguration;
			buildSettings = {
				ALWAYS_SEARCH_USER_PATHS = NO;
				CLANG_CXX_LANGUAGE_STANDARD = "gnu++0x";
				CLANG_CXX_LIBRARY = "libc++";
				CLANG_ENABLE_MODULES = YES;
				CLANG_ENABLE_OBJC_ARC = YES;
				CLANG_WARN_BOOL_CONVERSION = YES;
				CLANG_WARN_CONSTANT_CONVERSION = YES;
				CLANG_WARN_DIRECT_OBJC_ISA_USAGE = YES_ERROR;
				CLANG_WARN_EMPTY_BODY = YES;
				CLANG_WARN_ENUM_CONVERSION = YES;
				CLANG_WARN_INT_CONVERSION = YES;
				CLANG_WARN_OBJC_ROOT_CLASS = YES_ERROR;
				CLANG_WARN_UNREACHABLE_CODE = YES;
				CLANG_WARN__DUPLICATE_METHOD_MATCH = YES;
				"CODE_SIGN_IDENTITY[sdk=iphoneos*]" = "iPhone Developer";
				COPY_PHASE_STRIP = NO;
				DEBUG_INFORMATION_FORMAT = "dwarf-with-dsym";
				ENABLE_NS_ASSERTIONS = NO;
				ENABLE_STRICT_OBJC_MSGSEND = YES;
				GCC_C_LANGUAGE_STANDARD = gnu99;
				GCC_NO_COMMON_BLOCKS = YES;
				GCC_WARN_64_TO_32_BIT_CONVERSION = YES;
				GCC_WARN_ABOUT_RETURN_TYPE = YES_ERROR;
				GCC_WARN_UNDECLARED_SELECTOR = YES;
				GCC_WARN_UNINITIALIZED_AUTOS = YES_AGGRESSIVE;
				GCC_WARN_UNUSED_FUNCTION = YES;
				GCC_WARN_UNUSED_VARIABLE = YES;
				IPHONEOS_DEPLOYMENT_TARGET = 8.4;
				MTL_ENABLE_DEBUG_INFO = NO;
				SDKROOT = iphoneos;
				TARGETED_DEVICE_FAMILY = "1,2";
				VALIDATE_PRODUCT = YES;
			};
			name = Release;
		};
		C74BE1C11B73CD7500768067 /* Debug */ = {
			isa = XCBuildConfiguration;
			buildSettings = {
				ASSETCATALOG_COMPILER_APPICON_NAME = AppIcon;
				INFOPLIST_FILE = TwoTapTest/Info.plist;
				LD_RUNPATH_SEARCH_PATHS = "$(inherited) @executable_path/Frameworks";
				PRODUCT_NAME = "$(TARGET_NAME)";
			};
			name = Debug;
		};
		C74BE1C21B73CD7500768067 /* Release */ = {
			isa = XCBuildConfiguration;
			buildSettings = {
				ASSETCATALOG_COMPILER_APPICON_NAME = AppIcon;
				INFOPLIST_FILE = TwoTapTest/Info.plist;
				LD_RUNPATH_SEARCH_PATHS = "$(inherited) @executable_path/Frameworks";
				PRODUCT_NAME = "$(TARGET_NAME)";
			};
			name = Release;
		};
		C74BE1C41B73CD7500768067 /* Debug */ = {
			isa = XCBuildConfiguration;
			buildSettings = {
				BUNDLE_LOADER = "$(TEST_HOST)";
				FRAMEWORK_SEARCH_PATHS = (
					"$(SDKROOT)/Developer/Library/Frameworks",
					"$(inherited)",
				);
				GCC_PREPROCESSOR_DEFINITIONS = (
					"DEBUG=1",
					"$(inherited)",
				);
				INFOPLIST_FILE = TwoTapTestTests/Info.plist;
				LD_RUNPATH_SEARCH_PATHS = "$(inherited) @executable_path/Frameworks @loader_path/Frameworks";
				PRODUCT_NAME = "$(TARGET_NAME)";
				TEST_HOST = "$(BUILT_PRODUCTS_DIR)/TwoTapTest.app/TwoTapTest";
			};
			name = Debug;
		};
		C74BE1C51B73CD7500768067 /* Release */ = {
			isa = XCBuildConfiguration;
			buildSettings = {
				BUNDLE_LOADER = "$(TEST_HOST)";
				FRAMEWORK_SEARCH_PATHS = (
					"$(SDKROOT)/Developer/Library/Frameworks",
					"$(inherited)",
				);
				INFOPLIST_FILE = TwoTapTestTests/Info.plist;
				LD_RUNPATH_SEARCH_PATHS = "$(inherited) @executable_path/Frameworks @loader_path/Frameworks";
				PRODUCT_NAME = "$(TARGET_NAME)";
				TEST_HOST = "$(BUILT_PRODUCTS_DIR)/TwoTapTest.app/TwoTapTest";
			};
			name = Release;
		};
/* End XCBuildConfiguration section */

/* Begin XCConfigurationList section */
		C74BE19C1B73CD7500768067 /* Build configuration list for PBXProject "TwoTapTest" */ = {
			isa = XCConfigurationList;
			buildConfigurations = (
				C74BE1BE1B73CD7500768067 /* Debug */,
				C74BE1BF1B73CD7500768067 /* Release */,
			);
			defaultConfigurationIsVisible = 0;
			defaultConfigurationName = Release;
		};
		C74BE1C01B73CD7500768067 /* Build configuration list for PBXNativeTarget "TwoTapTest" */ = {
			isa = XCConfigurationList;
			buildConfigurations = (
				C74BE1C11B73CD7500768067 /* Debug */,
				C74BE1C21B73CD7500768067 /* Release */,
			);
			defaultConfigurationIsVisible = 0;
			defaultConfigurationName = Release;
		};
		C74BE1C31B73CD7500768067 /* Build configuration list for PBXNativeTarget "TwoTapTestTests" */ = {
			isa = XCConfigurationList;
			buildConfigurations = (
				C74BE1C41B73CD7500768067 /* Debug */,
				C74BE1C51B73CD7500768067 /* Release */,
			);
			defaultConfigurationIsVisible = 0;
			defaultConfigurationName = Release;
		};
/* End XCConfigurationList section */
	};
	rootObject = C74BE1991B73CD7500768067 /* Project object */;
}
